
Microsoft Visual Studio Solution File, Format Version 12.00
# Visual Studio Version 17
VisualStudioVersion = 17.10.35027.167
MinimumVisualStudioVersion = 10.0.40219.1
Project("{FAE04EC0-301F-11D3-BF4B-00C04F79EFBC}") = "prac25", "prac25.csproj", "{93986966-C9EA-47A1-94FE-33666A7B35AB}"
EndProject
Global
	GlobalSection(SolutionConfigurationPlatforms) = preSolution
		Debug|Any CPU = Debug|Any CPU
		Release|Any CPU = Release|Any CPU
	EndGlobalSection
	GlobalSection(ProjectConfigurationPlatforms) = postSolution
		{93986966-C9EA-47A1-94FE-33666A7B35AB}.Debug|Any CPU.ActiveCfg = Debug|Any CPU
		{93986966-C9EA-47A1-94FE-33666A7B35AB}.Debug|Any CPU.Build.0 = Debug|Any CPU
		{93986966-C9EA-47A1-94FE-33666A7B35AB}.Release|Any CPU.ActiveCfg = Release|Any CPU
		{93986966-C9EA-47A1-94FE-33666A7B35AB}.Release|Any CPU.Build.0 = Release|Any CPU
	EndGlobalSection
	GlobalSection(SolutionProperties) = preSolution
		HideSolutionNode = FALSE
	EndGlobalSection
	GlobalSection(ExtensibilityGlobals) = postSolution
		SolutionGuid = {A29906A7-C34B-4C71-BA3D-321C159E0E7A}
	EndGlobalSection
EndGlobal
